PODS:
  - LBExpandedCollectionViewFramework (0.0.2)

DEPENDENCIES:
  - LBExpandedCollectionViewFramework (from `../`)

EXTERNAL SOURCES:
  LBExpandedCollectionViewFramework:
    :path: "../"

SPEC CHECKSUMS:
  LBExpandedCollectionViewFramework: d7d53da1c9cfeda596e7df7eb8cdd0b3ed0cf000

PODFILE CHECKSUM: b36c1de06a4870f96a682430ca6671f1e5cfc3a2

COCOAPODS: 1.13.0
